
Microsoft Visual Studio Solution File, Format Version 12.00
# Visual Studio Version 16
VisualStudioVersion = 16.0.30011.22
MinimumVisualStudioVersion = 10.0.40219.1
Project("{9A19103F-16F7-4668-BE54-9A1E7A4F7556}") = "SistemaRestaurant2", "SistemaRestaurant2.csproj", "{5F45A9CC-22FC-404F-8EC8-230A21FD1EBC}"
EndProject
Global
	GlobalSection(SolutionConfigurationPlatforms) = preSolution
		Debug|Any CPU = Debug|Any CPU
		Release|Any CPU = Release|Any CPU
	EndGlobalSection
	GlobalSection(ProjectConfigurationPlatforms) = postSolution
		{5F45A9CC-22FC-404F-8EC8-230A21FD1EBC}.Debug|Any CPU.ActiveCfg = Debug|Any CPU
		{5F45A9CC-22FC-404F-8EC8-230A21FD1EBC}.Debug|Any CPU.Build.0 = Debug|Any CPU
		{5F45A9CC-22FC-404F-8EC8-230A21FD1EBC}.Release|Any CPU.ActiveCfg = Release|Any CPU
		{5F45A9CC-22FC-404F-8EC8-230A21FD1EBC}.Release|Any CPU.Build.0 = Release|Any CPU
	EndGlobalSection
	GlobalSection(SolutionProperties) = preSolution
		HideSolutionNode = FALSE
	EndGlobalSection
	GlobalSection(ExtensibilityGlobals) = postSolution
		SolutionGuid = {575D94F3-84C4-4CDA-B844-AE0EDF661B07}
	EndGlobalSection
EndGlobal
